
Microsoft Visual Studio Solution File, Format Version 12.00
# Visual Studio Version 17
VisualStudioVersion = 17.1.32210.238
MinimumVisualStudioVersion = 10.0.40219.1
Project("{9A19103F-16F7-4668-BE54-9A1E7A4F7556}") = "Hierarchy", "Hierarchy\Hierarchy.csproj", "{A4709ED9-734B-4755-9348-9B1043DF749B}"
EndProject
Project("{2150E333-8FDC-42A3-9474-1A3956D46DE8}") = "Solution Items", "Solution Items", "{57A0C691-954A-47BE-8190-BE5DAE4E179D}"
	ProjectSection(SolutionItems) = preProject
		README.md = README.md
	EndProjectSection
EndProject
Global
	GlobalSection(SolutionConfigurationPlatforms) = preSolution
		Debug|Any CPU = Debug|Any CPU
		Release|Any CPU = Release|Any CPU
	EndGlobalSection
	GlobalSection(ProjectConfigurationPlatforms) = postSolution
		{A4709ED9-734B-4755-9348-9B1043DF749B}.Debug|Any CPU.ActiveCfg = Debug|Any CPU
		{A4709ED9-734B-4755-9348-9B1043DF749B}.Debug|Any CPU.Build.0 = Debug|Any CPU
		{A4709ED9-734B-4755-9348-9B1043DF749B}.Release|Any CPU.ActiveCfg = Release|Any CPU
		{A4709ED9-734B-4755-9348-9B1043DF749B}.Release|Any CPU.Build.0 = Release|Any CPU
	EndGlobalSection
	GlobalSection(SolutionProperties) = preSolution
		HideSolutionNode = FALSE
	EndGlobalSection
	GlobalSection(ExtensibilityGlobals) = postSolution
		SolutionGuid = {48844BE4-C608-4200-B30B-8E2AA521285D}
	EndGlobalSection
EndGlobal
